{
  "capabilities": {
    "tools": {
      "docs": {
        "behavior": {
          "affordanceTopology": [],
          "cognitiveGuardrails": {
            "agentLimitMax": null,
            "egressMaxBytes": null
          },
          "destructiveActions": [],
          "egressSchemaDigest": "sha256:3c5034e065c1300fadd41ef19e8ce8ad6c1d99f17b1e994235751b7b02d0263a",
          "middlewareChain": [],
          "readOnlyActions": [
            "discover",
            "extract",
            "map",
            "read",
            "search"
          ],
          "systemRulesFingerprint": "dynamic"
        },
        "entitlements": {
          "codeEvaluation": false,
          "crypto": false,
          "filesystem": false,
          "network": false,
          "subprocess": false
        },
        "integrityDigest": "sha256:8781082d304ba4ec1f3c4f099a48c7fd6d0028d2185f2e1d0685b7b6e3f2a7d3",
        "surface": {
          "actions": [
            "discover",
            "extract",
            "map",
            "read",
            "search"
          ],
          "description": "[INSTRUCTIONS] Use this as the FIRST step when you need to find documentation. Use specific, descriptive queries. Example: \"stripe API webhooks\" instead of just \"stripe\". Combine your search intents into a single query. Do NOT call this tool in rapid loops — refine your query instead.\n\nFind documentation sources for any service, library, or API. Select operation via the `action` parameter. Actions: discover, extract, map, read, search\n\nWorkflow:\n- 'discover': [INSTRUCTIONS] Use this as the FIRST step when you need to find documentation. Use specific, descriptive queries. Example: \"stripe API webhooks\" instead of just \"stripe\". Combine your search intents into a single query. Do NOT call this tool in rapid loops — refine your query instead.\n\nFind documentation sources for any service, library, or API. Requires: query\n- 'extract': [INSTRUCTIONS] Use this ONLY when docs.read has identified an OpenAPI/Swagger spec URL or Postman Collection. Provide a tag to filter endpoints by API group. If no tag is provided, returns a summary of all tags with endpoint counts.\n\nExtract structured endpoint information from an OpenAPI, Swagger, or Postman spec. Requires: url\n- 'map': [INSTRUCTIONS] Use this as the FIRST step when exploring a new API or documentation site. Provide a domain (e.g., \"stripe.com\") and receive a complete table of contents with every documentation page organized by section. Then use docs.read on specific pages from the map.\n\nMap the complete documentation structure of any domain. Requires: domain\n- 'read': [INSTRUCTIONS] Reads a documentation page and returns clean Markdown. Handles HTML, JSON, YAML, OpenAPI specs, Postman Collections, PDFs (<5MB), and llms.txt. The response includes a \"Related Documentation Links\" section extracted from page navigation. ALWAYS check these links for authentication and getting-started pages before generating code.\n\nRead any documentation URL and return clean, LLM-ready Markdown. Requires: url\n- 'search': [INSTRUCTIONS] Use this when you ALREADY know the documentation domain and need to find a specific page. Always provide the \"site\" parameter when searching within a known domain. Example: docs.search({ query: \"authentication headers\", site: \"docs.stripe.com\" })\n\nSearch for specific topics within a documentation site. Requires: query",
          "inputSchemaDigest": "sha256:3a858becae6664dde19421c7d81792a45cc2c2c744fa349a215c40ee01792f48",
          "tags": []
        },
        "tokenEconomics": {
          "inflationRisk": "critical",
          "schemaFieldCount": 21,
          "unboundedCollection": true
        }
      }
    }
  },
  "generatedAt": "2026-05-01T22:22:57.441Z",
  "integrityDigest": "sha256:8aca86a6ab20dbcaffd7a06b6d7b6e2ed5ee2c5a22b403d2664ab5bb88330292",
  "lockfileVersion": 1,
  "serverName": "vurb-server",
  "vurbVersion": "3.19.3"
}
